{
  "name": "andre",
  "lockfileVersion": 3,
  "requires": true,
  "type": "module",
  "packages": {
    "": {
      "name": "andre",
      "dependencies": {
        "animejs": "^3.2.1",
        "sweetalert2": "^11.10.1"
      }
    },
    "node_modules/animejs": {
      "version": "3.2.1",
      "resolved": "https://registry.npmjs.org/animejs/-/animejs-3.2.1.tgz",
      "integrity": "sha512-sWno3ugFryK5nhiDm/2BKeFCpZv7vzerWUcUPyAZLDhMek3+S/p418ldZJbJXo5ZUOpfm2kP2XRO4NJcULMy9A=="
    },
    "node_modules/sweetalert2": {
      "version": "11.10.1",
      "resolved": "https://registry.npmjs.org/sweetalert2/-/sweetalert2-11.10.1.tgz",
      "integrity": "sha512-qu145oBuFfjYr5yZW9OSdG6YmRxDf8CnkgT/sXMfrXGe+asFy2imC2vlaLQ/L/naZ/JZna1MPAY56G4qYM0VUQ==",
      "funding": {
        "type": "individual",
        "url": "https://github.com/sponsors/limonte"
      }
    }
  }
}
